
Microsoft Visual Studio Solution File, Format Version 12.00
# Visual Studio Version 17
VisualStudioVersion = 17.0.32112.339
MinimumVisualStudioVersion = 10.0.40219.1
Project("{FAE04EC0-301F-11D3-BF4B-00C04F79EFBC}") = "CoreDemo", "CoreDemo\CoreDemo.csproj", "{652BAD9D-360A-47A2-85D6-A8C1082593F0}"
EndProject
Global
	GlobalSection(SolutionConfigurationPlatforms) = preSolution
		Debug|Any CPU = Debug|Any CPU
		Release|Any CPU = Release|Any CPU
	EndGlobalSection
	GlobalSection(ProjectConfigurationPlatforms) = postSolution
		{652BAD9D-360A-47A2-85D6-A8C1082593F0}.Debug|Any CPU.ActiveCfg = Debug|Any CPU
		{652BAD9D-360A-47A2-85D6-A8C1082593F0}.Debug|Any CPU.Build.0 = Debug|Any CPU
		{652BAD9D-360A-47A2-85D6-A8C1082593F0}.Release|Any CPU.ActiveCfg = Release|Any CPU
		{652BAD9D-360A-47A2-85D6-A8C1082593F0}.Release|Any CPU.Build.0 = Release|Any CPU
	EndGlobalSection
	GlobalSection(SolutionProperties) = preSolution
		HideSolutionNode = FALSE
	EndGlobalSection
	GlobalSection(ExtensibilityGlobals) = postSolution
		SolutionGuid = {0C8971C3-C7FD-41B2-ADB8-9AF344BAE449}
	EndGlobalSection
EndGlobal
